
Microsoft Visual Studio Solution File, Format Version 12.00
# Visual Studio Version 16
VisualStudioVersion = 16.0.30804.86
MinimumVisualStudioVersion = 10.0.40219.1
Project("{FAE04EC0-301F-11D3-BF4B-00C04F79EFBC}") = "WebApplication1", "WebApplication1\WebApplication1.csproj", "{D98FCFEB-AFDB-437E-AB1F-A4B03D0DF3ED}"
EndProject
Global
	GlobalSection(SolutionConfigurationPlatforms) = preSolution
		Debug|Any CPU = Debug|Any CPU
		Release|Any CPU = Release|Any CPU
	EndGlobalSection
	GlobalSection(ProjectConfigurationPlatforms) = postSolution
		{D98FCFEB-AFDB-437E-AB1F-A4B03D0DF3ED}.Debug|Any CPU.ActiveCfg = Debug|Any CPU
		{D98FCFEB-AFDB-437E-AB1F-A4B03D0DF3ED}.Debug|Any CPU.Build.0 = Debug|Any CPU
		{D98FCFEB-AFDB-437E-AB1F-A4B03D0DF3ED}.Release|Any CPU.ActiveCfg = Release|Any CPU
		{D98FCFEB-AFDB-437E-AB1F-A4B03D0DF3ED}.Release|Any CPU.Build.0 = Release|Any CPU
	EndGlobalSection
	GlobalSection(SolutionProperties) = preSolution
		HideSolutionNode = FALSE
	EndGlobalSection
	GlobalSection(ExtensibilityGlobals) = postSolution
		SolutionGuid = {E450D886-F706-44DA-9DC4-331B19E62EBA}
	EndGlobalSection
EndGlobal
